// !$*UTF8*$!
{
	archiveVersion = 1;
	classes = {
	};
	objectVersion = 46;
	objects = {

/* Begin PBXBuildFile section */
		635319151B608C5A001A96C9 /* Card.m in Sources */ = {isa = PBXBuildFile; fileRef = 6353190E1B608C5A001A96C9 /* Card.m */; };
		635319161B608C5A001A96C9 /* Deck.m in Sources */ = {isa = PBXBuildFile; fileRef = 635319101B608C5A001A96C9 /* Deck.m */; };
		635319171B608C5A001A96C9 /* PlayingCard.m in Sources */ = {isa = PBXBuildFile; fileRef = 635319121B608C5A001A96C9 /* PlayingCard.m */; };
		635319181B608C5A001A96C9 /* PlayingCardDeck.m in Sources */ = {isa = PBXBuildFile; fileRef = 635319141B608C5A001A96C9 /* PlayingCardDeck.m */; };
		63D3CBBD1B5F425C00C5C423 /* main.m in Sources */ = {isa = PBXBuildFile; fileRef = 63D3CBBC1B5F425C00C5C423 /* main.m */; };
		63D3CBC01B5F425C00C5C423 /* AppDelegate.m in Sources */ = {isa = PBXBuildFile; fileRef = 63D3CBBF1B5F425C00C5C423 /* AppDelegate.m */; };
		63D3CBC31B5F425C00C5C423 /* ViewController.m in Sources */ = {isa = PBXBuildFile; fileRef = 63D3CBC21B5F425C00C5C423 /* ViewController.m */; };
		63D3CBC61B5F425C00C5C423 /* Main.storyboard in Resources */ = {isa = PBXBuildFile; fileRef = 63D3CBC41B5F425C00C5C423 /* Main.storyboard */; };
		63D3CBC81B5F425C00C5C423 /* Images.xcassets in Resources */ = {isa = PBXBuildFile; fileRef = 63D3CBC71B5F425C00C5C423 /* Images.xcassets */; };
		63D3CBCB1B5F425C00C5C423 /* LaunchScreen.xib in Resources */ = {isa = PBXBuildFile; fileRef = 63D3CBC91B5F425C00C5C423 /* LaunchScreen.xib */; };
		63D3CBD71B5F425D00C5C423 /* YaCardTests.m in Sources */ = {isa = PBXBuildFile; fileRef = 63D3CBD61B5F425D00C5C423 /* YaCardTests.m */; };
		63D3CBE21B5F4C3900C5C423 /* PlayingCardView.m in Sources */ = {isa = PBXBuildFile; fileRef = 63D3CBE11B5F4C3900C5C423 /* PlayingCardView.m */; };
/* End PBXBuildFile section */

/* Begin PBXContainerItemProxy section */
		63D3CBD11B5F425D00C5C423 /* PBXContainerItemProxy */ = {
			isa = PBXContainerItemProxy;
			containerPortal = 63D3CBAF1B5F425C00C5C423 /* Project object */;
			proxyType = 1;
			remoteGlobalIDString = 63D3CBB61B5F425C00C5C423;
			remoteInfo = YaCard;
		};
/* End PBXContainerItemProxy section */

/* Begin PBXFileReference section */
		6353190D1B608C5A001A96C9 /* Card.h */ = {isa = PBXFileReference; fileEncoding = 4; lastKnownFileType = sourcecode.c.h; path = Card.h; sourceTree = "<group>"; };
		6353190E1B608C5A001A96C9 /* Card.m */ = {isa = PBXFileReference; fileEncoding = 4; lastKnownFileType = sourcecode.c.objc; path = Card.m; sourceTree = "<group>"; };
		6353190F1B608C5A001A96C9 /* Deck.h */ = {isa = PBXFileReference; fileEncoding = 4; lastKnownFileType = sourcecode.c.h; path = Deck.h; sourceTree = "<group>"; };
		635319101B608C5A001A96C9 /* Deck.m */ = {isa = PBXFileReference; fileEncoding = 4; lastKnownFileType = sourcecode.c.objc; path = Deck.m; sourceTree = "<group>"; };
		635319111B608C5A001A96C9 /* PlayingCard.h */ = {isa = PBXFileReference; fileEncoding = 4; lastKnownFileType = sourcecode.c.h; path = PlayingCard.h; sourceTree = "<group>"; };
		635319121B608C5A001A96C9 /* PlayingCard.m */ = {isa = PBXFileReference; fileEncoding = 4; lastKnownFileType = sourcecode.c.objc; path = PlayingCard.m; sourceTree = "<group>"; };
		635319131B608C5A001A96C9 /* PlayingCardDeck.h */ = {isa = PBXFileReference; fileEncoding = 4; lastKnownFileType = sourcecode.c.h; path = PlayingCardDeck.h; sourceTree = "<group>"; };
		635319141B608C5A001A96C9 /* PlayingCardDeck.m */ = {isa = PBXFileReference; fileEncoding = 4; lastKnownFileType = sourcecode.c.objc; path = PlayingCardDeck.m; sourceTree = "<group>"; };
		63D3CBB71B5F425C00C5C423 /* YaCard.app */ = {isa = PBXFileReference; explicitFileType = wrapper.application; includeInIndex = 0; path = YaCard.app; sourceTree = BUILT_PRODUCTS_DIR; };
		63D3CBBB1B5F425C00C5C423 /* Info.plist */ = {isa = PBXFileReference; lastKnownFileType = text.plist.xml; path = Info.plist; sourceTree = "<group>"; };
		63D3CBBC1B5F425C00C5C423 /* main.m */ = {isa = PBXFileReference; lastKnownFileType = sourcecode.c.objc; path = main.m; sourceTree = "<group>"; };
		63D3CBBE1B5F425C00C5C423 /* AppDelegate.h */ = {isa = PBXFileReference; lastKnownFileType = sourcecode.c.h; path = AppDelegate.h; sourceTree = "<group>"; };
		63D3CBBF1B5F425C00C5C423 /* AppDelegate.m */ = {isa = PBXFileReference; lastKnownFileType = sourcecode.c.objc; path = AppDelegate.m; sourceTree = "<group>"; };
		63D3CBC11B5F425C00C5C423 /* ViewController.h */ = {isa = PBXFileReference; lastKnownFileType = sourcecode.c.h; path = ViewController.h; sourceTree = "<group>"; };
		63D3CBC21B5F425C00C5C423 /* ViewController.m */ = {isa = PBXFileReference; lastKnownFileType = sourcecode.c.objc; path = ViewController.m; sourceTree = "<group>"; };
		63D3CBC51B5F425C00C5C423 /* Base */ = {isa = PBXFileReference; lastKnownFileType = file.storyboard; name = Base; path = Base.lproj/Main.storyboard; sourceTree = "<group>"; };
		63D3CBC71B5F425C00C5C423 /* Images.xcassets */ = {isa = PBXFileReference; lastKnownFileType = folder.assetcatalog; path = Images.xcassets; sourceTree = "<group>"; };
		63D3CBCA1B5F425C00C5C423 /* Base */ = {isa = PBXFileReference; lastKnownFileType = file.xib; name = Base; path = Base.lproj/LaunchScreen.xib; sourceTree = "<group>"; };
		63D3CBD01B5F425C00C5C423 /* YaCardTests.xctest */ = {isa = PBXFileReference; explicitFileType = wrapper.cfbundle; includeInIndex = 0; path = YaCardTests.xctest; sourceTree = BUILT_PRODUCTS_DIR; };
		63D3CBD51B5F425D00C5C423 /* Info.plist */ = {isa = PBXFileReference; lastKnownFileType = text.plist.xml; path = Info.plist; sourceTree = "<group>"; };
		63D3CBD61B5F425D00C5C423 /* YaCardTests.m */ = {isa = PBXFileReference; lastKnownFileType = sourcecode.c.objc; path = YaCardTests.m; sourceTree = "<group>"; };
		63D3CBE01B5F4C3900C5C423 /* PlayingCardView.h */ = {isa = PBXFileReference; fileEncoding = 4; lastKnownFileType = sourcecode.c.h; path = PlayingCardView.h; sourceTree = "<group>"; };
		63D3CBE11B5F4C3900C5C423 /* PlayingCardView.m */ = {isa = PBXFileReference; fileEncoding = 4; lastKnownFileType = sourcecode.c.objc; path = PlayingCardView.m; sourceTree = "<group>"; };
/* End PBXFileReference section */

/* Begin PBXFrameworksBuildPhase section */
		63D3CBB41B5F425C00C5C423 /* Frameworks */ = {
			isa = PBXFrameworksBuildPhase;
			buildActionMask = 2147483647;
			files = (
			);
			runOnlyForDeploymentPostprocessing = 0;
		};
		63D3CBCD1B5F425C00C5C423 /* Frameworks */ = {
			isa = PBXFrameworksBuildPhase;
			buildActionMask = 2147483647;
			files = (
			);
			runOnlyForDeploymentPostprocessing = 0;
		};
/* End PBXFrameworksBuildPhase section */

/* Begin PBXGroup section */
		6353190C1B608C5A001A96C9 /* Model */ = {
			isa = PBXGroup;
			children = (
				6353190D1B608C5A001A96C9 /* Card.h */,
				6353190E1B608C5A001A96C9 /* Card.m */,
				6353190F1B608C5A001A96C9 /* Deck.h */,
				635319101B608C5A001A96C9 /* Deck.m */,
				635319111B608C5A001A96C9 /* PlayingCard.h */,
				635319121B608C5A001A96C9 /* PlayingCard.m */,
				635319131B608C5A001A96C9 /* PlayingCardDeck.h */,
				635319141B608C5A001A96C9 /* PlayingCardDeck.m */,
			);
			path = Model;
			sourceTree = "<group>";
		};
		63D3CBAE1B5F425C00C5C423 = {
			isa = PBXGroup;
			children = (
				63D3CBB91B5F425C00C5C423 /* YaCard */,
				63D3CBD31B5F425D00C5C423 /* YaCardTests */,
				63D3CBB81B5F425C00C5C423 /* Products */,
			);
			sourceTree = "<group>";
		};
		63D3CBB81B5F425C00C5C423 /* Products */ = {
			isa = PBXGroup;
			children = (
				63D3CBB71B5F425C00C5C423 /* YaCard.app */,
				63D3CBD01B5F425C00C5C423 /* YaCardTests.xctest */,
			);
			name = Products;
			sourceTree = "<group>";
		};
		63D3CBB91B5F425C00C5C423 /* YaCard */ = {
			isa = PBXGroup;
			children = (
				6353190C1B608C5A001A96C9 /* Model */,
				63D3CBBE1B5F425C00C5C423 /* AppDelegate.h */,
				63D3CBBF1B5F425C00C5C423 /* AppDelegate.m */,
				63D3CBC11B5F425C00C5C423 /* ViewController.h */,
				63D3CBC21B5F425C00C5C423 /* ViewController.m */,
				63D3CBC41B5F425C00C5C423 /* Main.storyboard */,
				63D3CBE01B5F4C3900C5C423 /* PlayingCardView.h */,
				63D3CBE11B5F4C3900C5C423 /* PlayingCardView.m */,
				63D3CBC71B5F425C00C5C423 /* Images.xcassets */,
				63D3CBC91B5F425C00C5C423 /* LaunchScreen.xib */,
				63D3CBBA1B5F425C00C5C423 /* Supporting Files */,
			);
			path = YaCard;
			sourceTree = "<group>";
		};
		63D3CBBA1B5F425C00C5C423 /* Supporting Files */ = {
			isa = PBXGroup;
			children = (
				63D3CBBB1B5F425C00C5C423 /* Info.plist */,
				63D3CBBC1B5F425C00C5C423 /* main.m */,
			);
			name = "Supporting Files";
			sourceTree = "<group>";
		};
		63D3CBD31B5F425D00C5C423 /* YaCardTests */ = {
			isa = PBXGroup;
			children = (
				63D3CBD61B5F425D00C5C423 /* YaCardTests.m */,
				63D3CBD41B5F425D00C5C423 /* Supporting Files */,
			);
			path = YaCardTests;
			sourceTree = "<group>";
		};
		63D3CBD41B5F425D00C5C423 /* Supporting Files */ = {
			isa = PBXGroup;
			children = (
				63D3CBD51B5F425D00C5C423 /* Info.plist */,
			);
			name = "Supporting Files";
			sourceTree = "<group>";
		};
/* End PBXGroup section */

/* Begin PBXNativeTarget section */
		63D3CBB61B5F425C00C5C423 /* YaCard */ = {
			isa = PBXNativeTarget;
			buildConfigurationList = 63D3CBDA1B5F425D00C5C423 /* Build configuration list for PBXNativeTarget "YaCard" */;
			buildPhases = (
				63D3CBB31B5F425C00C5C423 /* Sources */,
				63D3CBB41B5F425C00C5C423 /* Frameworks */,
				63D3CBB51B5F425C00C5C423 /* Resources */,
			);
			buildRules = (
			);
			dependencies = (
			);
			name = YaCard;
			productName = YaCard;
			productReference = 63D3CBB71B5F425C00C5C423 /* YaCard.app */;
			productType = "com.apple.product-type.application";
		};
		63D3CBCF1B5F425C00C5C423 /* YaCardTests */ = {
			isa = PBXNativeTarget;
			buildConfigurationList = 63D3CBDD1B5F425D00C5C423 /* Build configuration list for PBXNativeTarget "YaCardTests" */;
			buildPhases = (
				63D3CBCC1B5F425C00C5C423 /* Sources */,
				63D3CBCD1B5F425C00C5C423 /* Frameworks */,
				63D3CBCE1B5F425C00C5C423 /* Resources */,
			);
			buildRules = (
			);
			dependencies = (
				63D3CBD21B5F425D00C5C423 /* PBXTargetDependency */,
			);
			name = YaCardTests;
			productName = YaCardTests;
			productReference = 63D3CBD01B5F425C00C5C423 /* YaCardTests.xctest */;
			productType = "com.apple.product-type.bundle.unit-test";
		};
/* End PBXNativeTarget section */

/* Begin PBXProject section */
		63D3CBAF1B5F425C00C5C423 /* Project object */ = {
			isa = PBXProject;
			attributes = {
				LastUpgradeCheck = 0610;
				ORGANIZATIONNAME = "Chen, Ya";
				TargetAttributes = {
					63D3CBB61B5F425C00C5C423 = {
						CreatedOnToolsVersion = 6.1.1;
					};
					63D3CBCF1B5F425C00C5C423 = {
						CreatedOnToolsVersion = 6.1.1;
						TestTargetID = 63D3CBB61B5F425C00C5C423;
					};
				};
			};
			buildConfigurationList = 63D3CBB21B5F425C00C5C423 /* Build configuration list for PBXProject "YaCard" */;
			compatibilityVersion = "Xcode 3.2";
			developmentRegion = English;
			hasScannedForEncodings = 0;
			knownRegions = (
				en,
				Base,
			);
			mainGroup = 63D3CBAE1B5F425C00C5C423;
			productRefGroup = 63D3CBB81B5F425C00C5C423 /* Products */;
			projectDirPath = "";
			projectRoot = "";
			targets = (
				63D3CBB61B5F425C00C5C423 /* YaCard */,
				63D3CBCF1B5F425C00C5C423 /* YaCardTests */,
			);
		};
/* End PBXProject section */

/* Begin PBXResourcesBuildPhase section */
		63D3CBB51B5F425C00C5C423 /* Resources */ = {
			isa = PBXResourcesBuildPhase;
			buildActionMask = 2147483647;
			files = (
				63D3CBC61B5F425C00C5C423 /* Main.storyboard in Resources */,
				63D3CBCB1B5F425C00C5C423 /* LaunchScreen.xib in Resources */,
				63D3CBC81B5F425C00C5C423 /* Images.xcassets in Resources */,
			);
			runOnlyForDeploymentPostprocessing = 0;
		};
		63D3CBCE1B5F425C00C5C423 /* Resources */ = {
			isa = PBXResourcesBuildPhase;
			buildActionMask = 2147483647;
			files = (
			);
			runOnlyForDeploymentPostprocessing = 0;
		};
/* End PBXResourcesBuildPhase section */

/* Begin PBXSourcesBuildPhase section */
		63D3CBB31B5F425C00C5C423 /* Sources */ = {
			isa = PBXSourcesBuildPhase;
			buildActionMask = 2147483647;
			files = (
				635319151B608C5A001A96C9 /* Card.m in Sources */,
				635319181B608C5A001A96C9 /* PlayingCardDeck.m in Sources */,
				63D3CBC31B5F425C00C5C423 /* ViewController.m in Sources */,
				635319171B608C5A001A96C9 /* PlayingCard.m in Sources */,
				63D3CBE21B5F4C3900C5C423 /* PlayingCardView.m in Sources */,
				63D3CBC01B5F425C00C5C423 /* AppDelegate.m in Sources */,
				635319161B608C5A001A96C9 /* Deck.m in Sources */,
				63D3CBBD1B5F425C00C5C423 /* main.m in Sources */,
			);
			runOnlyForDeploymentPostprocessing = 0;
		};
		63D3CBCC1B5F425C00C5C423 /* Sources */ = {
			isa = PBXSourcesBuildPhase;
			buildActionMask = 2147483647;
			files = (
				63D3CBD71B5F425D00C5C423 /* YaCardTests.m in Sources */,
			);
			runOnlyForDeploymentPostprocessing = 0;
		};
/* End PBXSourcesBuildPhase section */

/* Begin PBXTargetDependency section */
		63D3CBD21B5F425D00C5C423 /* PBXTargetDependency */ = {
			isa = PBXTargetDependency;
			target = 63D3CBB61B5F425C00C5C423 /* YaCard */;
			targetProxy = 63D3CBD11B5F425D00C5C423 /* PBXContainerItemProxy */;
		};
/* End PBXTargetDependency section */

/* Begin PBXVariantGroup section */
		63D3CBC41B5F425C00C5C423 /* Main.storyboard */ = {
			isa = PBXVariantGroup;
			children = (
				63D3CBC51B5F425C00C5C423 /* Base */,
			);
			name = Main.storyboard;
			sourceTree = "<group>";
		};
		63D3CBC91B5F425C00C5C423 /* LaunchScreen.xib */ = {
			isa = PBXVariantGroup;
			children = (
				63D3CBCA1B5F425C00C5C423 /* Base */,
			);
			name = LaunchScreen.xib;
			sourceTree = "<group>";
		};
/* End PBXVariantGroup section */

/* Begin XCBuildConfiguration section */
		63D3CBD81B5F425D00C5C423 /* Debug */ = {
			isa = XCBuildConfiguration;
			buildSettings = {
				ALWAYS_SEARCH_USER_PATHS = NO;
				CLANG_CXX_LANGUAGE_STANDARD = "gnu++0x";
				CLANG_CXX_LIBRARY = "libc++";
				CLANG_ENABLE_MODULES = YES;
				CLANG_ENABLE_OBJC_ARC = YES;
				CLANG_WARN_BOOL_CONVERSION = YES;
				CLANG_WARN_CONSTANT_CONVERSION = YES;
				CLANG_WARN_DIRECT_OBJC_ISA_USAGE = YES_ERROR;
				CLANG_WARN_EMPTY_BODY = YES;
				CLANG_WARN_ENUM_CONVERSION = YES;
				CLANG_WARN_INT_CONVERSION = YES;
				CLANG_WARN_OBJC_ROOT_CLASS = YES_ERROR;
				CLANG_WARN_UNREACHABLE_CODE = YES;
				CLANG_WARN__DUPLICATE_METHOD_MATCH = YES;
				"CODE_SIGN_IDENTITY[sdk=iphoneos*]" = "iPhone Developer";
				COPY_PHASE_STRIP = NO;
				ENABLE_STRICT_OBJC_MSGSEND = YES;
				GCC_C_LANGUAGE_STANDARD = gnu99;
				GCC_DYNAMIC_NO_PIC = NO;
				GCC_OPTIMIZATION_LEVEL = 0;
				GCC_PREPROCESSOR_DEFINITIONS = (
					"DEBUG=1",
					"$(inherited)",
				);
				GCC_SYMBOLS_PRIVATE_EXTERN = NO;
				GCC_WARN_64_TO_32_BIT_CONVERSION = YES;
				GCC_WARN_ABOUT_RETURN_TYPE = YES_ERROR;
				GCC_WARN_UNDECLARED_SELECTOR = YES;
				GCC_WARN_UNINITIALIZED_AUTOS = YES_AGGRESSIVE;
				GCC_WARN_UNUSED_FUNCTION = YES;
				GCC_WARN_UNUSED_VARIABLE = YES;
				IPHONEOS_DEPLOYMENT_TARGET = 8.1;
				MTL_ENABLE_DEBUG_INFO = YES;
				ONLY_ACTIVE_ARCH = YES;
				SDKROOT = iphoneos;
			};
			name = Debug;
		};
		63D3CBD91B5F425D00C5C423 /* Release */ = {
			isa = XCBuildConfiguration;
			buildSettings = {
				ALWAYS_SEARCH_USER_PATHS = NO;
				CLANG_CXX_LANGUAGE_STANDARD = "gnu++0x";
				CLANG_CXX_LIBRARY = "libc++";
				CLANG_ENABLE_MODULES = YES;
				CLANG_ENABLE_OBJC_ARC = YES;
				CLANG_WARN_BOOL_CONVERSION = YES;
				CLANG_WARN_CONSTANT_CONVERSION = YES;
				CLANG_WARN_DIRECT_OBJC_ISA_USAGE = YES_ERROR;
				CLANG_WARN_EMPTY_BODY = YES;
				CLANG_WARN_ENUM_CONVERSION = YES;
				CLANG_WARN_INT_CONVERSION = YES;
				CLANG_WARN_OBJC_ROOT_CLASS = YES_ERROR;
				CLANG_WARN_UNREACHABLE_CODE = YES;
				CLANG_WARN__DUPLICATE_METHOD_MATCH = YES;
				"CODE_SIGN_IDENTITY[sdk=iphoneos*]" = "iPhone Developer";
				COPY_PHASE_STRIP = YES;
				ENABLE_NS_ASSERTIONS = NO;
				ENABLE_STRICT_OBJC_MSGSEND = YES;
				GCC_C_LANGUAGE_STANDARD = gnu99;
				GCC_WARN_64_TO_32_BIT_CONVERSION = YES;
				GCC_WARN_ABOUT_RETURN_TYPE = YES_ERROR;
				GCC_WARN_UNDECLARED_SELECTOR = YES;
				GCC_WARN_UNINITIALIZED_AUTOS = YES_AGGRESSIVE;
				GCC_WARN_UNUSED_FUNCTION = YES;
				GCC_WARN_UNUSED_VARIABLE = YES;
				IPHONEOS_DEPLOYMENT_TARGET = 8.1;
				MTL_ENABLE_DEBUG_INFO = NO;
				SDKROOT = iphoneos;
				VALIDATE_PRODUCT = YES;
			};
			name = Release;
		};
		63D3CBDB1B5F425D00C5C423 /* Debug */ = {
			isa = XCBuildConfiguration;
			buildSettings = {
				ASSETCATALOG_COMPILER_APPICON_NAME = AppIcon;
				INFOPLIST_FILE = YaCard/Info.plist;
				LD_RUNPATH_SEARCH_PATHS = "$(inherited) @executable_path/Frameworks";
				PRODUCT_NAME = "$(TARGET_NAME)";
			};
			name = Debug;
		};
		63D3CBDC1B5F425D00C5C423 /* Release */ = {
			isa = XCBuildConfiguration;
			buildSettings = {
				ASSETCATALOG_COMPILER_APPICON_NAME = AppIcon;
				INFOPLIST_FILE = YaCard/Info.plist;
				LD_RUNPATH_SEARCH_PATHS = "$(inherited) @executable_path/Frameworks";
				PRODUCT_NAME = "$(TARGET_NAME)";
			};
			name = Release;
		};
		63D3CBDE1B5F425D00C5C423 /* Debug */ = {
			isa = XCBuildConfiguration;
			buildSettings = {
				BUNDLE_LOADER = "$(TEST_HOST)";
				FRAMEWORK_SEARCH_PATHS = (
					"$(SDKROOT)/Developer/Library/Frameworks",
					"$(inherited)",
				);
				GCC_PREPROCESSOR_DEFINITIONS = (
					"DEBUG=1",
					"$(inherited)",
				);
				INFOPLIST_FILE = YaCardTests/Info.plist;
				LD_RUNPATH_SEARCH_PATHS = "$(inherited) @executable_path/Frameworks @loader_path/Frameworks";
				PRODUCT_NAME = "$(TARGET_NAME)";
				TEST_HOST = "$(BUILT_PRODUCTS_DIR)/YaCard.app/YaCard";
			};
			name = Debug;
		};
		63D3CBDF1B5F425D00C5C423 /* Release */ = {
			isa = XCBuildConfiguration;
			buildSettings = {
				BUNDLE_LOADER = "$(TEST_HOST)";
				FRAMEWORK_SEARCH_PATHS = (
					"$(SDKROOT)/Developer/Library/Frameworks",
					"$(inherited)",
				);
				INFOPLIST_FILE = YaCardTests/Info.plist;
				LD_RUNPATH_SEARCH_PATHS = "$(inherited) @executable_path/Frameworks @loader_path/Frameworks";
				PRODUCT_NAME = "$(TARGET_NAME)";
				TEST_HOST = "$(BUILT_PRODUCTS_DIR)/YaCard.app/YaCard";
			};
			name = Release;
		};
/* End XCBuildConfiguration section */

/* Begin XCConfigurationList section */
		63D3CBB21B5F425C00C5C423 /* Build configuration list for PBXProject "YaCard" */ = {
			isa = XCConfigurationList;
			buildConfigurations = (
				63D3CBD81B5F425D00C5C423 /* Debug */,
				63D3CBD91B5F425D00C5C423 /* Release */,
			);
			defaultConfigurationIsVisible = 0;
			defaultConfigurationName = Release;
		};
		63D3CBDA1B5F425D00C5C423 /* Build configuration list for PBXNativeTarget "YaCard" */ = {
			isa = XCConfigurationList;
			buildConfigurations = (
				63D3CBDB1B5F425D00C5C423 /* Debug */,
				63D3CBDC1B5F425D00C5C423 /* Release */,
			);
			defaultConfigurationIsVisible = 0;
			defaultConfigurationName = Release;
		};
		63D3CBDD1B5F425D00C5C423 /* Build configuration list for PBXNativeTarget "YaCardTests" */ = {
			isa = XCConfigurationList;
			buildConfigurations = (
				63D3CBDE1B5F425D00C5C423 /* Debug */,
				63D3CBDF1B5F425D00C5C423 /* Release */,
			);
			defaultConfigurationIsVisible = 0;
			defaultConfigurationName = Release;
		};
/* End XCConfigurationList section */
	};
	rootObject = 63D3CBAF1B5F425C00C5C423 /* Project object */;
}
